// !$*UTF8*$!
{
	archiveVersion = 1;
	classes = {
	};
	objectVersion = 46;
	objects = {

/* Begin PBXBuildFile section */
		3824C34E1DE8CAA70095BC50 /* NameKidVC.swift in Sources */ = {isa = PBXBuildFile; fileRef = 3824C34D1DE8CAA70095BC50 /* NameKidVC.swift */; };
		3824C3501DE8D0540095BC50 /* BirthdayVC.swift in Sources */ = {isa = PBXBuildFile; fileRef = 3824C34F1DE8D0540095BC50 /* BirthdayVC.swift */; };
		3824C3541DE9F69F0095BC50 /* SaveAPI.swift in Sources */ = {isa = PBXBuildFile; fileRef = 3824C3531DE9F69F0095BC50 /* SaveAPI.swift */; };
		387EFE531DBD742C00742444 /* AppDelegate.swift in Sources */ = {isa = PBXBuildFile; fileRef = 387EFE521DBD742C00742444 /* AppDelegate.swift */; };
		387EFE551DBD742C00742444 /* ViewController.swift in Sources */ = {isa = PBXBuildFile; fileRef = 387EFE541DBD742C00742444 /* ViewController.swift */; };
		387EFE581DBD742C00742444 /* Main.storyboard in Resources */ = {isa = PBXBuildFile; fileRef = 387EFE561DBD742C00742444 /* Main.storyboard */; };
		387EFE5B1DBD742C00742444 /* JosieAndJack.xcdatamodeld in Sources */ = {isa = PBXBuildFile; fileRef = 387EFE591DBD742C00742444 /* JosieAndJack.xcdatamodeld */; };
		387EFE5D1DBD742C00742444 /* Assets.xcassets in Resources */ = {isa = PBXBuildFile; fileRef = 387EFE5C1DBD742C00742444 /* Assets.xcassets */; };
		387EFE601DBD742C00742444 /* LaunchScreen.storyboard in Resources */ = {isa = PBXBuildFile; fileRef = 387EFE5E1DBD742C00742444 /* LaunchScreen.storyboard */; };
		387EFE6B1DBD742C00742444 /* JosieAndJackTests.swift in Sources */ = {isa = PBXBuildFile; fileRef = 387EFE6A1DBD742C00742444 /* JosieAndJackTests.swift */; };
		387EFE761DBD742C00742444 /* JosieAndJackUITests.swift in Sources */ = {isa = PBXBuildFile; fileRef = 387EFE751DBD742C00742444 /* JosieAndJackUITests.swift */; };
		387EFE841DBD748600742444 /* Constants.swift in Sources */ = {isa = PBXBuildFile; fileRef = 387EFE831DBD748600742444 /* Constants.swift */; };
		387EFE861DBD7A3900742444 /* Date_extension.swift in Sources */ = {isa = PBXBuildFile; fileRef = 387EFE851DBD7A3900742444 /* Date_extension.swift */; };
		387EFE881DBDA0F400742444 /* Kid.swift in Sources */ = {isa = PBXBuildFile; fileRef = 387EFE871DBDA0F400742444 /* Kid.swift */; };
		387EFE8A1DBDA41300742444 /* UIColor_extention.swift in Sources */ = {isa = PBXBuildFile; fileRef = 387EFE891DBDA41300742444 /* UIColor_extention.swift */; };
		387EFE8C1DBDB07500742444 /* SecondSplashVC.swift in Sources */ = {isa = PBXBuildFile; fileRef = 387EFE8B1DBDB07500742444 /* SecondSplashVC.swift */; };
/* End PBXBuildFile section */

/* Begin PBXContainerItemProxy section */
		387EFE671DBD742C00742444 /* PBXContainerItemProxy */ = {
			isa = PBXContainerItemProxy;
			containerPortal = 387EFE471DBD742B00742444 /* Project object */;
			proxyType = 1;
			remoteGlobalIDString = 387EFE4E1DBD742B00742444;
			remoteInfo = JosieAndJack;
		};
		387EFE721DBD742C00742444 /* PBXContainerItemProxy */ = {
			isa = PBXContainerItemProxy;
			containerPortal = 387EFE471DBD742B00742444 /* Project object */;
			proxyType = 1;
			remoteGlobalIDString = 387EFE4E1DBD742B00742444;
			remoteInfo = JosieAndJack;
		};
/* End PBXContainerItemProxy section */

/* Begin PBXFileReference section */
		3824C34D1DE8CAA70095BC50 /* NameKidVC.swift */ = {isa = PBXFileReference; fileEncoding = 4; lastKnownFileType = sourcecode.swift; path = NameKidVC.swift; sourceTree = "<group>"; };
		3824C34F1DE8D0540095BC50 /* BirthdayVC.swift */ = {isa = PBXFileReference; fileEncoding = 4; lastKnownFileType = sourcecode.swift; path = BirthdayVC.swift; sourceTree = "<group>"; };
		3824C3531DE9F69F0095BC50 /* SaveAPI.swift */ = {isa = PBXFileReference; fileEncoding = 4; lastKnownFileType = sourcecode.swift; path = SaveAPI.swift; sourceTree = "<group>"; };
		387EFE4F1DBD742C00742444 /* JosieAndJack.app */ = {isa = PBXFileReference; explicitFileType = wrapper.application; includeInIndex = 0; path = JosieAndJack.app; sourceTree = BUILT_PRODUCTS_DIR; };
		387EFE521DBD742C00742444 /* AppDelegate.swift */ = {isa = PBXFileReference; lastKnownFileType = sourcecode.swift; path = AppDelegate.swift; sourceTree = "<group>"; };
		387EFE541DBD742C00742444 /* ViewController.swift */ = {isa = PBXFileReference; lastKnownFileType = sourcecode.swift; path = ViewController.swift; sourceTree = "<group>"; };
		387EFE571DBD742C00742444 /* Base */ = {isa = PBXFileReference; lastKnownFileType = file.storyboard; name = Base; path = Base.lproj/Main.storyboard; sourceTree = "<group>"; };
		387EFE5A1DBD742C00742444 /* JosieAndJack.xcdatamodel */ = {isa = PBXFileReference; lastKnownFileType = wrapper.xcdatamodel; path = JosieAndJack.xcdatamodel; sourceTree = "<group>"; };
		387EFE5C1DBD742C00742444 /* Assets.xcassets */ = {isa = PBXFileReference; lastKnownFileType = folder.assetcatalog; path = Assets.xcassets; sourceTree = "<group>"; };
		387EFE5F1DBD742C00742444 /* Base */ = {isa = PBXFileReference; lastKnownFileType = file.storyboard; name = Base; path = Base.lproj/LaunchScreen.storyboard; sourceTree = "<group>"; };
		387EFE611DBD742C00742444 /* Info.plist */ = {isa = PBXFileReference; lastKnownFileType = text.plist.xml; path = Info.plist; sourceTree = "<group>"; };
		387EFE661DBD742C00742444 /* JosieAndJackTests.xctest */ = {isa = PBXFileReference; explicitFileType = wrapper.cfbundle; includeInIndex = 0; path = JosieAndJackTests.xctest; sourceTree = BUILT_PRODUCTS_DIR; };
		387EFE6A1DBD742C00742444 /* JosieAndJackTests.swift */ = {isa = PBXFileReference; lastKnownFileType = sourcecode.swift; path = JosieAndJackTests.swift; sourceTree = "<group>"; };
		387EFE6C1DBD742C00742444 /* Info.plist */ = {isa = PBXFileReference; lastKnownFileType = text.plist.xml; path = Info.plist; sourceTree = "<group>"; };
		387EFE711DBD742C00742444 /* JosieAndJackUITests.xctest */ = {isa = PBXFileReference; explicitFileType = wrapper.cfbundle; includeInIndex = 0; path = JosieAndJackUITests.xctest; sourceTree = BUILT_PRODUCTS_DIR; };
		387EFE751DBD742C00742444 /* JosieAndJackUITests.swift */ = {isa = PBXFileReference; lastKnownFileType = sourcecode.swift; path = JosieAndJackUITests.swift; sourceTree = "<group>"; };
		387EFE771DBD742C00742444 /* Info.plist */ = {isa = PBXFileReference; lastKnownFileType = text.plist.xml; path = Info.plist; sourceTree = "<group>"; };
		387EFE831DBD748600742444 /* Constants.swift */ = {isa = PBXFileReference; fileEncoding = 4; lastKnownFileType = sourcecode.swift; path = Constants.swift; sourceTree = "<group>"; };
		387EFE851DBD7A3900742444 /* Date_extension.swift */ = {isa = PBXFileReference; fileEncoding = 4; lastKnownFileType = sourcecode.swift; path = Date_extension.swift; sourceTree = "<group>"; };
		387EFE871DBDA0F400742444 /* Kid.swift */ = {isa = PBXFileReference; fileEncoding = 4; lastKnownFileType = sourcecode.swift; path = Kid.swift; sourceTree = "<group>"; };
		387EFE891DBDA41300742444 /* UIColor_extention.swift */ = {isa = PBXFileReference; fileEncoding = 4; lastKnownFileType = sourcecode.swift; path = UIColor_extention.swift; sourceTree = "<group>"; };
		387EFE8B1DBDB07500742444 /* SecondSplashVC.swift */ = {isa = PBXFileReference; fileEncoding = 4; lastKnownFileType = sourcecode.swift; path = SecondSplashVC.swift; sourceTree = "<group>"; };
/* End PBXFileReference section */

/* Begin PBXFrameworksBuildPhase section */
		387EFE4C1DBD742B00742444 /* Frameworks */ = {
			isa = PBXFrameworksBuildPhase;
			buildActionMask = 2147483647;
			files = (
			);
			runOnlyForDeploymentPostprocessing = 0;
		};
		387EFE631DBD742C00742444 /* Frameworks */ = {
			isa = PBXFrameworksBuildPhase;
			buildActionMask = 2147483647;
			files = (
			);
			runOnlyForDeploymentPostprocessing = 0;
		};
		387EFE6E1DBD742C00742444 /* Frameworks */ = {
			isa = PBXFrameworksBuildPhase;
			buildActionMask = 2147483647;
			files = (
			);
			runOnlyForDeploymentPostprocessing = 0;
		};
/* End PBXFrameworksBuildPhase section */

/* Begin PBXGroup section */
		3824C34C1DE8CA800095BC50 /* VCs */ = {
			isa = PBXGroup;
			children = (
				387EFE541DBD742C00742444 /* ViewController.swift */,
				3824C34D1DE8CAA70095BC50 /* NameKidVC.swift */,
				3824C34F1DE8D0540095BC50 /* BirthdayVC.swift */,
				387EFE8B1DBDB07500742444 /* SecondSplashVC.swift */,
			);
			name = VCs;
			sourceTree = "<group>";
		};
		3824C3511DE9F5840095BC50 /* Models */ = {
			isa = PBXGroup;
			children = (
				387EFE871DBDA0F400742444 /* Kid.swift */,
			);
			name = Models;
			sourceTree = "<group>";
		};
		3824C3521DE9F58C0095BC50 /* Shared */ = {
			isa = PBXGroup;
			children = (
				387EFE831DBD748600742444 /* Constants.swift */,
				3824C3531DE9F69F0095BC50 /* SaveAPI.swift */,
				387EFE891DBDA41300742444 /* UIColor_extention.swift */,
				387EFE851DBD7A3900742444 /* Date_extension.swift */,
			);
			name = Shared;
			sourceTree = "<group>";
		};
		387EFE461DBD742B00742444 = {
			isa = PBXGroup;
			children = (
				387EFE511DBD742C00742444 /* JosieAndJack */,
				387EFE691DBD742C00742444 /* JosieAndJackTests */,
				387EFE741DBD742C00742444 /* JosieAndJackUITests */,
				387EFE501DBD742C00742444 /* Products */,
			);
			sourceTree = "<group>";
		};
		387EFE501DBD742C00742444 /* Products */ = {
			isa = PBXGroup;
			children = (
				387EFE4F1DBD742C00742444 /* JosieAndJack.app */,
				387EFE661DBD742C00742444 /* JosieAndJackTests.xctest */,
				387EFE711DBD742C00742444 /* JosieAndJackUITests.xctest */,
			);
			name = Products;
			sourceTree = "<group>";
		};
		387EFE511DBD742C00742444 /* JosieAndJack */ = {
			isa = PBXGroup;
			children = (
				387EFE521DBD742C00742444 /* AppDelegate.swift */,
				3824C3511DE9F5840095BC50 /* Models */,
				3824C34C1DE8CA800095BC50 /* VCs */,
				3824C3521DE9F58C0095BC50 /* Shared */,
				387EFE561DBD742C00742444 /* Main.storyboard */,
				387EFE5C1DBD742C00742444 /* Assets.xcassets */,
				387EFE5E1DBD742C00742444 /* LaunchScreen.storyboard */,
				387EFE611DBD742C00742444 /* Info.plist */,
				387EFE591DBD742C00742444 /* JosieAndJack.xcdatamodeld */,
			);
			path = JosieAndJack;
			sourceTree = "<group>";
		};
		387EFE691DBD742C00742444 /* JosieAndJackTests */ = {
			isa = PBXGroup;
			children = (
				387EFE6A1DBD742C00742444 /* JosieAndJackTests.swift */,
				387EFE6C1DBD742C00742444 /* Info.plist */,
			);
			path = JosieAndJackTests;
			sourceTree = "<group>";
		};
		387EFE741DBD742C00742444 /* JosieAndJackUITests */ = {
			isa = PBXGroup;
			children = (
				387EFE751DBD742C00742444 /* JosieAndJackUITests.swift */,
				387EFE771DBD742C00742444 /* Info.plist */,
			);
			path = JosieAndJackUITests;
			sourceTree = "<group>";
		};
/* End PBXGroup section */

/* Begin PBXNativeTarget section */
		387EFE4E1DBD742B00742444 /* JosieAndJack */ = {
			isa = PBXNativeTarget;
			buildConfigurationList = 387EFE7A1DBD742C00742444 /* Build configuration list for PBXNativeTarget "JosieAndJack" */;
			buildPhases = (
				387EFE4B1DBD742B00742444 /* Sources */,
				387EFE4C1DBD742B00742444 /* Frameworks */,
				387EFE4D1DBD742B00742444 /* Resources */,
			);
			buildRules = (
			);
			dependencies = (
			);
			name = JosieAndJack;
			productName = JosieAndJack;
			productReference = 387EFE4F1DBD742C00742444 /* JosieAndJack.app */;
			productType = "com.apple.product-type.application";
		};
		387EFE651DBD742C00742444 /* JosieAndJackTests */ = {
			isa = PBXNativeTarget;
			buildConfigurationList = 387EFE7D1DBD742C00742444 /* Build configuration list for PBXNativeTarget "JosieAndJackTests" */;
			buildPhases = (
				387EFE621DBD742C00742444 /* Sources */,
				387EFE631DBD742C00742444 /* Frameworks */,
				387EFE641DBD742C00742444 /* Resources */,
			);
			buildRules = (
			);
			dependencies = (
				387EFE681DBD742C00742444 /* PBXTargetDependency */,
			);
			name = JosieAndJackTests;
			productName = JosieAndJackTests;
			productReference = 387EFE661DBD742C00742444 /* JosieAndJackTests.xctest */;
			productType = "com.apple.product-type.bundle.unit-test";
		};
		387EFE701DBD742C00742444 /* JosieAndJackUITests */ = {
			isa = PBXNativeTarget;
			buildConfigurationList = 387EFE801DBD742C00742444 /* Build configuration list for PBXNativeTarget "JosieAndJackUITests" */;
			buildPhases = (
				387EFE6D1DBD742C00742444 /* Sources */,
				387EFE6E1DBD742C00742444 /* Frameworks */,
				387EFE6F1DBD742C00742444 /* Resources */,
			);
			buildRules = (
			);
			dependencies = (
				387EFE731DBD742C00742444 /* PBXTargetDependency */,
			);
			name = JosieAndJackUITests;
			productName = JosieAndJackUITests;
			productReference = 387EFE711DBD742C00742444 /* JosieAndJackUITests.xctest */;
			productType = "com.apple.product-type.bundle.ui-testing";
		};
/* End PBXNativeTarget section */

/* Begin PBXProject section */
		387EFE471DBD742B00742444 /* Project object */ = {
			isa = PBXProject;
			attributes = {
				LastSwiftUpdateCheck = 0800;
				LastUpgradeCheck = 0810;
				ORGANIZATIONNAME = "Jim Danger, LLC";
				TargetAttributes = {
					387EFE4E1DBD742B00742444 = {
						CreatedOnToolsVersion = 8.0;
						DevelopmentTeam = 5MFLP3AQ7C;
						ProvisioningStyle = Automatic;
					};
					387EFE651DBD742C00742444 = {
						CreatedOnToolsVersion = 8.0;
						DevelopmentTeam = 5MFLP3AQ7C;
						ProvisioningStyle = Automatic;
						TestTargetID = 387EFE4E1DBD742B00742444;
					};
					387EFE701DBD742C00742444 = {
						CreatedOnToolsVersion = 8.0;
						DevelopmentTeam = 5MFLP3AQ7C;
						ProvisioningStyle = Automatic;
						TestTargetID = 387EFE4E1DBD742B00742444;
					};
				};
			};
			buildConfigurationList = 387EFE4A1DBD742B00742444 /* Build configuration list for PBXProject "JosieAndJack" */;
			compatibilityVersion = "Xcode 3.2";
			developmentRegion = English;
			hasScannedForEncodings = 0;
			knownRegions = (
				en,
				Base,
			);
			mainGroup = 387EFE461DBD742B00742444;
			productRefGroup = 387EFE501DBD742C00742444 /* Products */;
			projectDirPath = "";
			projectRoot = "";
			targets = (
				387EFE4E1DBD742B00742444 /* JosieAndJack */,
				387EFE651DBD742C00742444 /* JosieAndJackTests */,
				387EFE701DBD742C00742444 /* JosieAndJackUITests */,
			);
		};
/* End PBXProject section */

/* Begin PBXResourcesBuildPhase section */
		387EFE4D1DBD742B00742444 /* Resources */ = {
			isa = PBXResourcesBuildPhase;
			buildActionMask = 2147483647;
			files = (
				387EFE601DBD742C00742444 /* LaunchScreen.storyboard in Resources */,
				387EFE5D1DBD742C00742444 /* Assets.xcassets in Resources */,
				387EFE581DBD742C00742444 /* Main.storyboard in Resources */,
			);
			runOnlyForDeploymentPostprocessing = 0;
		};
		387EFE641DBD742C00742444 /* Resources */ = {
			isa = PBXResourcesBuildPhase;
			buildActionMask = 2147483647;
			files = (
			);
			runOnlyForDeploymentPostprocessing = 0;
		};
		387EFE6F1DBD742C00742444 /* Resources */ = {
			isa = PBXResourcesBuildPhase;
			buildActionMask = 2147483647;
			files = (
			);
			runOnlyForDeploymentPostprocessing = 0;
		};
/* End PBXResourcesBuildPhase section */

/* Begin PBXSourcesBuildPhase section */
		387EFE4B1DBD742B00742444 /* Sources */ = {
			isa = PBXSourcesBuildPhase;
			buildActionMask = 2147483647;
			files = (
				387EFE551DBD742C00742444 /* ViewController.swift in Sources */,
				387EFE531DBD742C00742444 /* AppDelegate.swift in Sources */,
				3824C34E1DE8CAA70095BC50 /* NameKidVC.swift in Sources */,
				387EFE8C1DBDB07500742444 /* SecondSplashVC.swift in Sources */,
				387EFE881DBDA0F400742444 /* Kid.swift in Sources */,
				387EFE5B1DBD742C00742444 /* JosieAndJack.xcdatamodeld in Sources */,
				387EFE841DBD748600742444 /* Constants.swift in Sources */,
				3824C3541DE9F69F0095BC50 /* SaveAPI.swift in Sources */,
				387EFE8A1DBDA41300742444 /* UIColor_extention.swift in Sources */,
				387EFE861DBD7A3900742444 /* Date_extension.swift in Sources */,
				3824C3501DE8D0540095BC50 /* BirthdayVC.swift in Sources */,
			);
			runOnlyForDeploymentPostprocessing = 0;
		};
		387EFE621DBD742C00742444 /* Sources */ = {
			isa = PBXSourcesBuildPhase;
			buildActionMask = 2147483647;
			files = (
				387EFE6B1DBD742C00742444 /* JosieAndJackTests.swift in Sources */,
			);
			runOnlyForDeploymentPostprocessing = 0;
		};
		387EFE6D1DBD742C00742444 /* Sources */ = {
			isa = PBXSourcesBuildPhase;
			buildActionMask = 2147483647;
			files = (
				387EFE761DBD742C00742444 /* JosieAndJackUITests.swift in Sources */,
			);
			runOnlyForDeploymentPostprocessing = 0;
		};
/* End PBXSourcesBuildPhase section */

/* Begin PBXTargetDependency section */
		387EFE681DBD742C00742444 /* PBXTargetDependency */ = {
			isa = PBXTargetDependency;
			target = 387EFE4E1DBD742B00742444 /* JosieAndJack */;
			targetProxy = 387EFE671DBD742C00742444 /* PBXContainerItemProxy */;
		};
		387EFE731DBD742C00742444 /* PBXTargetDependency */ = {
			isa = PBXTargetDependency;
			target = 387EFE4E1DBD742B00742444 /* JosieAndJack */;
			targetProxy = 387EFE721DBD742C00742444 /* PBXContainerItemProxy */;
		};
/* End PBXTargetDependency section */

/* Begin PBXVariantGroup section */
		387EFE561DBD742C00742444 /* Main.storyboard */ = {
			isa = PBXVariantGroup;
			children = (
				387EFE571DBD742C00742444 /* Base */,
			);
			name = Main.storyboard;
			sourceTree = "<group>";
		};
		387EFE5E1DBD742C00742444 /* LaunchScreen.storyboard */ = {
			isa = PBXVariantGroup;
			children = (
				387EFE5F1DBD742C00742444 /* Base */,
			);
			name = LaunchScreen.storyboard;
			sourceTree = "<group>";
		};
/* End PBXVariantGroup section */

/* Begin XCBuildConfiguration section */
		387EFE781DBD742C00742444 /* Debug */ = {
			isa = XCBuildConfiguration;
			buildSettings = {
				ALWAYS_SEARCH_USER_PATHS = NO;
				CLANG_ANALYZER_NONNULL = YES;
				CLANG_CXX_LANGUAGE_STANDARD = "gnu++0x";
				CLANG_CXX_LIBRARY = "libc++";
				CLANG_ENABLE_MODULES = YES;
				CLANG_ENABLE_OBJC_ARC = YES;
				CLANG_WARN_BOOL_CONVERSION = YES;
				CLANG_WARN_CONSTANT_CONVERSION = YES;
				CLANG_WARN_DIRECT_OBJC_ISA_USAGE = YES_ERROR;
				CLANG_WARN_DOCUMENTATION_COMMENTS = YES;
				CLANG_WARN_EMPTY_BODY = YES;
				CLANG_WARN_ENUM_CONVERSION = YES;
				CLANG_WARN_INFINITE_RECURSION = YES;
				CLANG_WARN_INT_CONVERSION = YES;
				CLANG_WARN_OBJC_ROOT_CLASS = YES_ERROR;
				CLANG_WARN_SUSPICIOUS_MOVE = YES;
				CLANG_WARN_SUSPICIOUS_MOVES = YES;
				CLANG_WARN_UNREACHABLE_CODE = YES;
				CLANG_WARN__DUPLICATE_METHOD_MATCH = YES;
				"CODE_SIGN_IDENTITY[sdk=iphoneos*]" = "iPhone Developer";
				COPY_PHASE_STRIP = NO;
				DEBUG_INFORMATION_FORMAT = dwarf;
				ENABLE_STRICT_OBJC_MSGSEND = YES;
				ENABLE_TESTABILITY = YES;
				GCC_C_LANGUAGE_STANDARD = gnu99;
				GCC_DYNAMIC_NO_PIC = NO;
				GCC_NO_COMMON_BLOCKS = YES;
				GCC_OPTIMIZATION_LEVEL = 0;
				GCC_PREPROCESSOR_DEFINITIONS = (
					"DEBUG=1",
					"$(inherited)",
				);
				GCC_WARN_64_TO_32_BIT_CONVERSION = YES;
				GCC_WARN_ABOUT_RETURN_TYPE = YES_ERROR;
				GCC_WARN_UNDECLARED_SELECTOR = YES;
				GCC_WARN_UNINITIALIZED_AUTOS = YES_AGGRESSIVE;
				GCC_WARN_UNUSED_FUNCTION = YES;
				GCC_WARN_UNUSED_VARIABLE = YES;
				IPHONEOS_DEPLOYMENT_TARGET = 10.0;
				MTL_ENABLE_DEBUG_INFO = YES;
				ONLY_ACTIVE_ARCH = YES;
				SDKROOT = iphoneos;
				SWIFT_ACTIVE_COMPILATION_CONDITIONS = DEBUG;
				SWIFT_OPTIMIZATION_LEVEL = "-Onone";
				TARGETED_DEVICE_FAMILY = "1,2";
			};
			name = Debug;
		};
		387EFE791DBD742C00742444 /* Release */ = {
			isa = XCBuildConfiguration;
			buildSettings = {
				ALWAYS_SEARCH_USER_PATHS = NO;
				CLANG_ANALYZER_NONNULL = YES;
				CLANG_CXX_LANGUAGE_STANDARD = "gnu++0x";
				CLANG_CXX_LIBRARY = "libc++";
				CLANG_ENABLE_MODULES = YES;
				CLANG_ENABLE_OBJC_ARC = YES;
				CLANG_WARN_BOOL_CONVERSION = YES;
				CLANG_WARN_CONSTANT_CONVERSION = YES;
				CLANG_WARN_DIRECT_OBJC_ISA_USAGE = YES_ERROR;
				CLANG_WARN_DOCUMENTATION_COMMENTS = YES;
				CLANG_WARN_EMPTY_BODY = YES;
				CLANG_WARN_ENUM_CONVERSION = YES;
				CLANG_WARN_INFINITE_RECURSION = YES;
				CLANG_WARN_INT_CONVERSION = YES;
				CLANG_WARN_OBJC_ROOT_CLASS = YES_ERROR;
				CLANG_WARN_SUSPICIOUS_MOVE = YES;
				CLANG_WARN_SUSPICIOUS_MOVES = YES;
				CLANG_WARN_UNREACHABLE_CODE = YES;
				CLANG_WARN__DUPLICATE_METHOD_MATCH = YES;
				"CODE_SIGN_IDENTITY[sdk=iphoneos*]" = "iPhone Developer";
				COPY_PHASE_STRIP = NO;
				DEBUG_INFORMATION_FORMAT = "dwarf-with-dsym";
				ENABLE_NS_ASSERTIONS = NO;
				ENABLE_STRICT_OBJC_MSGSEND = YES;
				GCC_C_LANGUAGE_STANDARD = gnu99;
				GCC_NO_COMMON_BLOCKS = YES;
				GCC_WARN_64_TO_32_BIT_CONVERSION = YES;
				GCC_WARN_ABOUT_RETURN_TYPE = YES_ERROR;
				GCC_WARN_UNDECLARED_SELECTOR = YES;
				GCC_WARN_UNINITIALIZED_AUTOS = YES_AGGRESSIVE;
				GCC_WARN_UNUSED_FUNCTION = YES;
				GCC_WARN_UNUSED_VARIABLE = YES;
				IPHONEOS_DEPLOYMENT_TARGET = 10.0;
				MTL_ENABLE_DEBUG_INFO = NO;
				SDKROOT = iphoneos;
				SWIFT_OPTIMIZATION_LEVEL = "-Owholemodule";
				TARGETED_DEVICE_FAMILY = "1,2";
				VALIDATE_PRODUCT = YES;
			};
			name = Release;
		};
		387EFE7B1DBD742C00742444 /* Debug */ = {
			isa = XCBuildConfiguration;
			buildSettings = {
				ASSETCATALOG_COMPILER_APPICON_NAME = AppIcon;
				DEVELOPMENT_TEAM = 5MFLP3AQ7C;
				INFOPLIST_FILE = JosieAndJack/Info.plist;
				LD_RUNPATH_SEARCH_PATHS = "$(inherited) @executable_path/Frameworks";
				PRODUCT_BUNDLE_IDENTIFIER = com.jimdanger.JosieAndJack;
				PRODUCT_NAME = "$(TARGET_NAME)";
				SWIFT_VERSION = 3.0;
			};
			name = Debug;
		};
		387EFE7C1DBD742C00742444 /* Release */ = {
			isa = XCBuildConfiguration;
			buildSettings = {
				ASSETCATALOG_COMPILER_APPICON_NAME = AppIcon;
				DEVELOPMENT_TEAM = 5MFLP3AQ7C;
				INFOPLIST_FILE = JosieAndJack/Info.plist;
				LD_RUNPATH_SEARCH_PATHS = "$(inherited) @executable_path/Frameworks";
				PRODUCT_BUNDLE_IDENTIFIER = com.jimdanger.JosieAndJack;
				PRODUCT_NAME = "$(TARGET_NAME)";
				SWIFT_VERSION = 3.0;
			};
			name = Release;
		};
		387EFE7E1DBD742C00742444 /* Debug */ = {
			isa = XCBuildConfiguration;
			buildSettings = {
				ALWAYS_EMBED_SWIFT_STANDARD_LIBRARIES = YES;
				BUNDLE_LOADER = "$(TEST_HOST)";
				DEVELOPMENT_TEAM = 5MFLP3AQ7C;
				INFOPLIST_FILE = JosieAndJackTests/Info.plist;
				LD_RUNPATH_SEARCH_PATHS = "$(inherited) @executable_path/Frameworks @loader_path/Frameworks";
				PRODUCT_BUNDLE_IDENTIFIER = com.jimdanger.JosieAndJackTests;
				PRODUCT_NAME = "$(TARGET_NAME)";
				SWIFT_VERSION = 3.0;
				TEST_HOST = "$(BUILT_PRODUCTS_DIR)/JosieAndJack.app/JosieAndJack";
			};
			name = Debug;
		};
		387EFE7F1DBD742C00742444 /* Release */ = {
			isa = XCBuildConfiguration;
			buildSettings = {
				ALWAYS_EMBED_SWIFT_STANDARD_LIBRARIES = YES;
				BUNDLE_LOADER = "$(TEST_HOST)";
				DEVELOPMENT_TEAM = 5MFLP3AQ7C;
				INFOPLIST_FILE = JosieAndJackTests/Info.plist;
				LD_RUNPATH_SEARCH_PATHS = "$(inherited) @executable_path/Frameworks @loader_path/Frameworks";
				PRODUCT_BUNDLE_IDENTIFIER = com.jimdanger.JosieAndJackTests;
				PRODUCT_NAME = "$(TARGET_NAME)";
				SWIFT_VERSION = 3.0;
				TEST_HOST = "$(BUILT_PRODUCTS_DIR)/JosieAndJack.app/JosieAndJack";
			};
			name = Release;
		};
		387EFE811DBD742C00742444 /* Debug */ = {
			isa = XCBuildConfiguration;
			buildSettings = {
				ALWAYS_EMBED_SWIFT_STANDARD_LIBRARIES = YES;
				DEVELOPMENT_TEAM = 5MFLP3AQ7C;
				INFOPLIST_FILE = JosieAndJackUITests/Info.plist;
				LD_RUNPATH_SEARCH_PATHS = "$(inherited) @executable_path/Frameworks @loader_path/Frameworks";
				PRODUCT_BUNDLE_IDENTIFIER = com.jimdanger.JosieAndJackUITests;
				PRODUCT_NAME = "$(TARGET_NAME)";
				SWIFT_VERSION = 3.0;
				TEST_TARGET_NAME = JosieAndJack;
			};
			name = Debug;
		};
		387EFE821DBD742C00742444 /* Release */ = {
			isa = XCBuildConfiguration;
			buildSettings = {
				ALWAYS_EMBED_SWIFT_STANDARD_LIBRARIES = YES;
				DEVELOPMENT_TEAM = 5MFLP3AQ7C;
				INFOPLIST_FILE = JosieAndJackUITests/Info.plist;
				LD_RUNPATH_SEARCH_PATHS = "$(inherited) @executable_path/Frameworks @loader_path/Frameworks";
				PRODUCT_BUNDLE_IDENTIFIER = com.jimdanger.JosieAndJackUITests;
				PRODUCT_NAME = "$(TARGET_NAME)";
				SWIFT_VERSION = 3.0;
				TEST_TARGET_NAME = JosieAndJack;
			};
			name = Release;
		};
/* End XCBuildConfiguration section */

/* Begin XCConfigurationList section */
		387EFE4A1DBD742B00742444 /* Build configuration list for PBXProject "JosieAndJack" */ = {
			isa = XCConfigurationList;
			buildConfigurations = (
				387EFE781DBD742C00742444 /* Debug */,
				387EFE791DBD742C00742444 /* Release */,
			);
			defaultConfigurationIsVisible = 0;
			defaultConfigurationName = Release;
		};
		387EFE7A1DBD742C00742444 /* Build configuration list for PBXNativeTarget "JosieAndJack" */ = {
			isa = XCConfigurationList;
			buildConfigurations = (
				387EFE7B1DBD742C00742444 /* Debug */,
				387EFE7C1DBD742C00742444 /* Release */,
			);
			defaultConfigurationIsVisible = 0;
			defaultConfigurationName = Release;
		};
		387EFE7D1DBD742C00742444 /* Build configuration list for PBXNativeTarget "JosieAndJackTests" */ = {
			isa = XCConfigurationList;
			buildConfigurations = (
				387EFE7E1DBD742C00742444 /* Debug */,
				387EFE7F1DBD742C00742444 /* Release */,
			);
			defaultConfigurationIsVisible = 0;
			defaultConfigurationName = Release;
		};
		387EFE801DBD742C00742444 /* Build configuration list for PBXNativeTarget "JosieAndJackUITests" */ = {
			isa = XCConfigurationList;
			buildConfigurations = (
				387EFE811DBD742C00742444 /* Debug */,
				387EFE821DBD742C00742444 /* Release */,
			);
			defaultConfigurationIsVisible = 0;
			defaultConfigurationName = Release;
		};
/* End XCConfigurationList section */

/* Begin XCVersionGroup section */
		387EFE591DBD742C00742444 /* JosieAndJack.xcdatamodeld */ = {
			isa = XCVersionGroup;
			children = (
				387EFE5A1DBD742C00742444 /* JosieAndJack.xcdatamodel */,
			);
			currentVersion = 387EFE5A1DBD742C00742444 /* JosieAndJack.xcdatamodel */;
			path = JosieAndJack.xcdatamodeld;
			sourceTree = "<group>";
			versionGroupType = wrapper.xcdatamodel;
		};
/* End XCVersionGroup section */
	};
	rootObject = 387EFE471DBD742B00742444 /* Project object */;
}
